
Microsoft Visual Studio Solution File, Format Version 12.00
# Visual Studio Version 16
VisualStudioVersion = 16.0.29102.190
MinimumVisualStudioVersion = 10.0.40219.1
Project("{8BC9CEB8-8B4A-11D0-8D11-00A0C91BC942}") = "batch-renderer", "batch-renderer.vcxproj", "{8618FF09-44F0-4E40-B961-359BB9549256}"
EndProject
Global
	GlobalSection(SolutionConfigurationPlatforms) = preSolution
		Debug|x64 = Debug|x64
		Debug|x86 = Debug|x86
		Release|x64 = Release|x64
		Release|x86 = Release|x86
	EndGlobalSection
	GlobalSection(ProjectConfigurationPlatforms) = postSolution
		{8618FF09-44F0-4E40-B961-359BB9549256}.Debug|x64.ActiveCfg = Debug|x64
		{8618FF09-44F0-4E40-B961-359BB9549256}.Debug|x64.Build.0 = Debug|x64
		{8618FF09-44F0-4E40-B961-359BB9549256}.Debug|x86.ActiveCfg = Debug|Win32
		{8618FF09-44F0-4E40-B961-359BB9549256}.Debug|x86.Build.0 = Debug|Win32
		{8618FF09-44F0-4E40-B961-359BB9549256}.Release|x64.ActiveCfg = Release|x64
		{8618FF09-44F0-4E40-B961-359BB9549256}.Release|x64.Build.0 = Release|x64
		{8618FF09-44F0-4E40-B961-359BB9549256}.Release|x86.ActiveCfg = Release|Win32
		{8618FF09-44F0-4E40-B961-359BB9549256}.Release|x86.Build.0 = Release|Win32
	EndGlobalSection
	GlobalSection(SolutionProperties) = preSolution
		HideSolutionNode = FALSE
	EndGlobalSection
	GlobalSection(ExtensibilityGlobals) = postSolution
		SolutionGuid = {615D18B6-DEC8-4EB9-9702-AE7C83F1FA56}
	EndGlobalSection
EndGlobal
