<?xml version="1.0" encoding="utf-8"?>
<Project ToolsVersion="4.0" xmlns="http://schemas.microsoft.com/developer/msbuild/2003">
  <ItemGroup>
    <Filter Include="Fichiers sources">
      <UniqueIdentifier>{4FC737F1-C7A5-4376-A066-2A32D752A2FF}</UniqueIdentifier>
      <Extensions>cpp;c;cc;cxx;c++;cppm;ixx;def;odl;idl;hpj;bat;asm;asmx</Extensions>
    </Filter>
    <Filter Include="Fichiers d%27en-tête">
      <UniqueIdentifier>{93995380-89BD-4b04-88EB-625FBE52EBFB}</UniqueIdentifier>
      <Extensions>h;hh;hpp;hxx;h++;hm;inl;inc;ipp;xsd</Extensions>
    </Filter>
    <Filter Include="Fichiers de ressources">
      <UniqueIdentifier>{67DA6AB6-F800-4c08-8B7A-83BB121AAD01}</UniqueIdentifier>
      <Extensions>rc;ico;cur;bmp;dlg;rc2;rct;bin;rgs;gif;jpg;jpeg;jpe;resx;tiff;tif;png;wav;mfcribbon-ms</Extensions>
    </Filter>
    <Filter Include="Shaders">
      <UniqueIdentifier>{5ebb06db-ac42-4003-9b55-ec7a814f46c6}</UniqueIdentifier>
    </Filter>
    <Filter Include="Fichiers sources\Render">
      <UniqueIdentifier>{106ea4b3-d876-4297-be77-390c6e5b3fac}</UniqueIdentifier>
    </Filter>
    <Filter Include="Fichiers sources\World">
      <UniqueIdentifier>{08c84790-0bbd-46e2-adba-972bdf9265b7}</UniqueIdentifier>
    </Filter>
    <Filter Include="Fichiers sources\Application">
      <UniqueIdentifier>{45216313-8b1e-423e-a67f-73360a124b30}</UniqueIdentifier>
    </Filter>
    <Filter Include="Fichiers d%27en-tête\Application">
      <UniqueIdentifier>{9805d419-aaec-46f9-bad2-37f2e00f90c3}</UniqueIdentifier>
    </Filter>
    <Filter Include="Fichiers d%27en-tête\Render">
      <UniqueIdentifier>{a6e57c61-931a-4cf9-99e0-62f937e54e3f}</UniqueIdentifier>
    </Filter>
    <Filter Include="Fichiers d%27en-tête\World">
      <UniqueIdentifier>{1d287371-2427-4729-933f-7fc1ef54863d}</UniqueIdentifier>
    </Filter>
    <Filter Include="ImGui">
      <UniqueIdentifier>{762eaedb-3ee3-488b-8190-5f592360af91}</UniqueIdentifier>
    </Filter>
  </ItemGroup>
  <ItemGroup>
    <ClCompile Include="src\Main.cpp">
      <Filter>Fichiers sources</Filter>
    </ClCompile>
    <ClCompile Include="src\glad.c">
      <Filter>Fichiers sources</Filter>
    </ClCompile>
    <ClCompile Include="src\render\Camera.cpp">
      <Filter>Fichiers sources\Render</Filter>
    </ClCompile>
    <ClCompile Include="src\render\Render.cpp">
      <Filter>Fichiers sources\Render</Filter>
    </ClCompile>
    <ClCompile Include="src\render\Shader.cpp">
      <Filter>Fichiers sources\Render</Filter>
    </ClCompile>
    <ClCompile Include="src\world\World.cpp">
      <Filter>Fichiers sources\World</Filter>
    </ClCompile>
    <ClCompile Include="src\application\Timer.cpp">
      <Filter>Fichiers sources\Application</Filter>
    </ClCompile>
    <ClCompile Include="src\application\Window.cpp">
      <Filter>Fichiers sources\Application</Filter>
    </ClCompile>
    <ClCompile Include="src\world\Chunk.cpp">
      <Filter>Fichiers sources\World</Filter>
    </ClCompile>
    <ClCompile Include="src\application\Config.cpp">
      <Filter>Fichiers sources\Application</Filter>
    </ClCompile>
    <ClCompile Include="src\application\Gui.cpp">
      <Filter>Fichiers sources\Application</Filter>
    </ClCompile>
    <ClCompile Include="libraries\include\imgui\imgui.cpp">
      <Filter>ImGui</Filter>
    </ClCompile>
    <ClCompile Include="libraries\include\imgui\imgui_demo.cpp">
      <Filter>ImGui</Filter>
    </ClCompile>
    <ClCompile Include="libraries\include\imgui\imgui_draw.cpp">
      <Filter>ImGui</Filter>
    </ClCompile>
    <ClCompile Include="libraries\include\imgui\imgui_impl_glfw.cpp">
      <Filter>ImGui</Filter>
    </ClCompile>
    <ClCompile Include="libraries\include\imgui\imgui_impl_opengl3.cpp">
      <Filter>ImGui</Filter>
    </ClCompile>
    <ClCompile Include="libraries\include\imgui\imgui_tables.cpp">
      <Filter>ImGui</Filter>
    </ClCompile>
    <ClCompile Include="libraries\include\imgui\imgui_widgets.cpp">
      <Filter>ImGui</Filter>
    </ClCompile>
    <ClCompile Include="src\render\Texture.cpp">
      <Filter>Fichiers sources\Render</Filter>
    </ClCompile>
    <ClCompile Include="src\render\stb_image.cpp">
      <Filter>Fichiers sources\Render</Filter>
    </ClCompile>
    <ClCompile Include="src\world\Tree.cpp">
      <Filter>Fichiers sources\World</Filter>
    </ClCompile>
    <ClCompile Include="src\world\Block.cpp">
      <Filter>Fichiers sources</Filter>
    </ClCompile>
    <ClCompile Include="src\application\Random.cpp">
      <Filter>Fichiers sources\Application</Filter>
    </ClCompile>
  </ItemGroup>
  <ItemGroup>
    <ClInclude Include="src\render\Camera.h">
      <Filter>Fichiers d%27en-tête\Render</Filter>
    </ClInclude>
    <ClInclude Include="src\render\Render.h">
      <Filter>Fichiers d%27en-tête\Render</Filter>
    </ClInclude>
    <ClInclude Include="src\render\Shader.h">
      <Filter>Fichiers d%27en-tête\Render</Filter>
    </ClInclude>
    <ClInclude Include="src\application\Timer.h">
      <Filter>Fichiers d%27en-tête\Application</Filter>
    </ClInclude>
    <ClInclude Include="src\application\Window.h">
      <Filter>Fichiers d%27en-tête\Application</Filter>
    </ClInclude>
    <ClInclude Include="src\world\World.h">
      <Filter>Fichiers d%27en-tête\World</Filter>
    </ClInclude>
    <ClInclude Include="src\world\Chunk.h">
      <Filter>Fichiers d%27en-tête\World</Filter>
    </ClInclude>
    <ClInclude Include="src\application\Gui.h">
      <Filter>Fichiers d%27en-tête\Application</Filter>
    </ClInclude>
    <ClInclude Include="src\application\Config.h">
      <Filter>Fichiers d%27en-tête\Application</Filter>
    </ClInclude>
    <ClInclude Include="src\world\Direction.h">
      <Filter>Fichiers d%27en-tête\World</Filter>
    </ClInclude>
    <ClInclude Include="libraries\include\imgui\imconfig.h">
      <Filter>ImGui</Filter>
    </ClInclude>
    <ClInclude Include="libraries\include\imgui\imgui.h">
      <Filter>ImGui</Filter>
    </ClInclude>
    <ClInclude Include="libraries\include\imgui\imgui_impl_glfw.h">
      <Filter>ImGui</Filter>
    </ClInclude>
    <ClInclude Include="libraries\include\imgui\imgui_impl_opengl3.h">
      <Filter>ImGui</Filter>
    </ClInclude>
    <ClInclude Include="libraries\include\imgui\imgui_impl_opengl3_loader.h">
      <Filter>ImGui</Filter>
    </ClInclude>
    <ClInclude Include="libraries\include\imgui\imgui_internal.h">
      <Filter>ImGui</Filter>
    </ClInclude>
    <ClInclude Include="libraries\include\imgui\imstb_rectpack.h">
      <Filter>ImGui</Filter>
    </ClInclude>
    <ClInclude Include="libraries\include\imgui\imstb_textedit.h">
      <Filter>ImGui</Filter>
    </ClInclude>
    <ClInclude Include="libraries\include\imgui\imstb_truetype.h">
      <Filter>ImGui</Filter>
    </ClInclude>
    <ClInclude Include="src\render\stb_image.h">
      <Filter>Fichiers d%27en-tête\Render</Filter>
    </ClInclude>
    <ClInclude Include="src\render\Texture.h">
      <Filter>Fichiers d%27en-tête\Render</Filter>
    </ClInclude>
    <ClInclude Include="src\world\Tree.h">
      <Filter>Fichiers d%27en-tête\World</Filter>
    </ClInclude>
    <ClInclude Include="src\world\Block.h">
      <Filter>Fichiers d%27en-tête</Filter>
    </ClInclude>
    <ClInclude Include="src\application\Random.h">
      <Filter>Fichiers d%27en-tête</Filter>
    </ClInclude>
  </ItemGroup>
  <ItemGroup>
    <None Include="shaders\cube.frag">
      <Filter>Shaders</Filter>
    </None>
    <None Include="shaders\cube.vert">
      <Filter>Shaders</Filter>
    </None>
  </ItemGroup>
</Project>